
Microsoft Visual Studio Solution File, Format Version 12.00
# Visual Studio Version 17
VisualStudioVersion = 17.0.32126.317
MinimumVisualStudioVersion = 10.0.40219.1
Project("{8BC9CEB8-8B4A-11D0-8D11-00A0C91BC942}") = "Squid_Game", "Squid_Game\Squid_Game.vcxproj", "{9B3469E8-758D-492D-9248-48EC5B058C2C}"
EndProject
Global
	GlobalSection(SolutionConfigurationPlatforms) = preSolution
		Debug|x64 = Debug|x64
		Debug|x86 = Debug|x86
		Release|x64 = Release|x64
		Release|x86 = Release|x86
	EndGlobalSection
	GlobalSection(ProjectConfigurationPlatforms) = postSolution
		{9B3469E8-758D-492D-9248-48EC5B058C2C}.Debug|x64.ActiveCfg = Debug|x64
		{9B3469E8-758D-492D-9248-48EC5B058C2C}.Debug|x64.Build.0 = Debug|x64
		{9B3469E8-758D-492D-9248-48EC5B058C2C}.Debug|x86.ActiveCfg = Debug|Win32
		{9B3469E8-758D-492D-9248-48EC5B058C2C}.Debug|x86.Build.0 = Debug|Win32
		{9B3469E8-758D-492D-9248-48EC5B058C2C}.Release|x64.ActiveCfg = Release|x64
		{9B3469E8-758D-492D-9248-48EC5B058C2C}.Release|x64.Build.0 = Release|x64
		{9B3469E8-758D-492D-9248-48EC5B058C2C}.Release|x86.ActiveCfg = Release|Win32
		{9B3469E8-758D-492D-9248-48EC5B058C2C}.Release|x86.Build.0 = Release|Win32
	EndGlobalSection
	GlobalSection(SolutionProperties) = preSolution
		HideSolutionNode = FALSE
	EndGlobalSection
	GlobalSection(ExtensibilityGlobals) = postSolution
		SolutionGuid = {0DD58F92-5963-4FFC-9DE2-6ECD0314D09B}
	EndGlobalSection
EndGlobal
